
Microsoft Visual Studio Solution File, Format Version 12.00
# Visual Studio Version 17
VisualStudioVersion = 17.14.36121.58 d17.14
MinimumVisualStudioVersion = 10.0.40219.1
Project("{FAE04EC0-301F-11D3-BF4B-00C04F79EFBC}") = "Library Management System", "Library Management System\Library Management System.csproj", "{CE9BF5DF-7925-4A29-8905-5A9BB5D6417B}"
EndProject
Global
	GlobalSection(SolutionConfigurationPlatforms) = preSolution
		Debug|Any CPU = Debug|Any CPU
		Release|Any CPU = Release|Any CPU
	EndGlobalSection
	GlobalSection(ProjectConfigurationPlatforms) = postSolution
		{CE9BF5DF-7925-4A29-8905-5A9BB5D6417B}.Debug|Any CPU.ActiveCfg = Debug|Any CPU
		{CE9BF5DF-7925-4A29-8905-5A9BB5D6417B}.Debug|Any CPU.Build.0 = Debug|Any CPU
		{CE9BF5DF-7925-4A29-8905-5A9BB5D6417B}.Release|Any CPU.ActiveCfg = Release|Any CPU
		{CE9BF5DF-7925-4A29-8905-5A9BB5D6417B}.Release|Any CPU.Build.0 = Release|Any CPU
	EndGlobalSection
	GlobalSection(SolutionProperties) = preSolution
		HideSolutionNode = FALSE
	EndGlobalSection
	GlobalSection(ExtensibilityGlobals) = postSolution
		SolutionGuid = {48C6847C-F645-4250-8C63-E4CB081C237B}
	EndGlobalSection
EndGlobal
